
Microsoft Visual Studio Solution File, Format Version 12.00
# Visual Studio Version 16
VisualStudioVersion = 16.0.29201.188
MinimumVisualStudioVersion = 10.0.40219.1
Project("{8BC9CEB8-8B4A-11D0-8D11-00A0C91BC942}") = "Sage.CA.SBS.ERP.Sage300.SC", "Sage.CA.SBS.ERP.Sage300.SC\Sage.CA.SBS.ERP.Sage300.SC.vcxproj", "{A999F011-E291-489C-9AA8-788F81860C18}"
EndProject
Project("{FAE04EC0-301F-11D3-BF4B-00C04F79EFBC}") = "Sage.CA.SBS.ERP.Sage300.SC.AccpacSC1100", "Sage.CA.SBS.ERP.Sage300.SC\Source\UIs\AccpacSC1100\Sage.CA.SBS.ERP.Sage300.SC.AccpacSC1100.csproj", "{23D82FF0-73F3-4700-B9C7-EB203ACED2BC}"
EndProject
Project("{FAE04EC0-301F-11D3-BF4B-00C04F79EFBC}") = "Sage.CA.SBS.ERP.Sage300.SC.Data", "Sage.CA.SBS.ERP.Sage300.SC.Data\Sage.CA.SBS.ERP.Sage300.SC.Data.csproj", "{6F65BC8B-A900-4F31-A225-B57889CBDF0C}"
EndProject
Global
	GlobalSection(SolutionConfigurationPlatforms) = preSolution
		Debug|Any CPU = Debug|Any CPU
		Debug|x64 = Debug|x64
		Debug|x86 = Debug|x86
		Release|Any CPU = Release|Any CPU
		Release|x64 = Release|x64
		Release|x86 = Release|x86
	EndGlobalSection
	GlobalSection(ProjectConfigurationPlatforms) = postSolution
		{A999F011-E291-489C-9AA8-788F81860C18}.Debug|Any CPU.ActiveCfg = Debug|Win32
		{A999F011-E291-489C-9AA8-788F81860C18}.Debug|x64.ActiveCfg = Debug|x64
		{A999F011-E291-489C-9AA8-788F81860C18}.Debug|x64.Build.0 = Debug|x64
		{A999F011-E291-489C-9AA8-788F81860C18}.Debug|x86.ActiveCfg = Debug|Win32
		{A999F011-E291-489C-9AA8-788F81860C18}.Release|Any CPU.ActiveCfg = Release|Win32
		{A999F011-E291-489C-9AA8-788F81860C18}.Release|x64.ActiveCfg = Release|x64
		{A999F011-E291-489C-9AA8-788F81860C18}.Release|x64.Build.0 = Release|x64
		{A999F011-E291-489C-9AA8-788F81860C18}.Release|x86.ActiveCfg = Release|Win32
		{23D82FF0-73F3-4700-B9C7-EB203ACED2BC}.Debug|Any CPU.ActiveCfg = Debug|x86
		{23D82FF0-73F3-4700-B9C7-EB203ACED2BC}.Debug|x64.ActiveCfg = Debug|x86
		{23D82FF0-73F3-4700-B9C7-EB203ACED2BC}.Debug|x86.ActiveCfg = Debug|x86
		{23D82FF0-73F3-4700-B9C7-EB203ACED2BC}.Debug|x86.Build.0 = Debug|x86
		{23D82FF0-73F3-4700-B9C7-EB203ACED2BC}.Release|Any CPU.ActiveCfg = Release|x86
		{23D82FF0-73F3-4700-B9C7-EB203ACED2BC}.Release|x64.ActiveCfg = Release|x86
		{23D82FF0-73F3-4700-B9C7-EB203ACED2BC}.Release|x86.ActiveCfg = Release|x86
		{23D82FF0-73F3-4700-B9C7-EB203ACED2BC}.Release|x86.Build.0 = Release|x86
		{6F65BC8B-A900-4F31-A225-B57889CBDF0C}.Debug|Any CPU.ActiveCfg = Debug|Any CPU
		{6F65BC8B-A900-4F31-A225-B57889CBDF0C}.Debug|Any CPU.Build.0 = Debug|Any CPU
		{6F65BC8B-A900-4F31-A225-B57889CBDF0C}.Debug|x64.ActiveCfg = Debug|Any CPU
		{6F65BC8B-A900-4F31-A225-B57889CBDF0C}.Debug|x64.Build.0 = Debug|Any CPU
		{6F65BC8B-A900-4F31-A225-B57889CBDF0C}.Debug|x86.ActiveCfg = Debug|Any CPU
		{6F65BC8B-A900-4F31-A225-B57889CBDF0C}.Debug|x86.Build.0 = Debug|Any CPU
		{6F65BC8B-A900-4F31-A225-B57889CBDF0C}.Release|Any CPU.ActiveCfg = Release|Any CPU
		{6F65BC8B-A900-4F31-A225-B57889CBDF0C}.Release|Any CPU.Build.0 = Release|Any CPU
		{6F65BC8B-A900-4F31-A225-B57889CBDF0C}.Release|x64.ActiveCfg = Release|Any CPU
		{6F65BC8B-A900-4F31-A225-B57889CBDF0C}.Release|x64.Build.0 = Release|Any CPU
		{6F65BC8B-A900-4F31-A225-B57889CBDF0C}.Release|x86.ActiveCfg = Release|Any CPU
		{6F65BC8B-A900-4F31-A225-B57889CBDF0C}.Release|x86.Build.0 = Release|Any CPU
	EndGlobalSection
	GlobalSection(SolutionProperties) = preSolution
		HideSolutionNode = FALSE
	EndGlobalSection
	GlobalSection(ExtensibilityGlobals) = postSolution
		SolutionGuid = {25D6DF9D-8378-43F3-B2A7-661ECE4283FA}
	EndGlobalSection
EndGlobal
